// !$*UTF8*$!
{
	archiveVersion = 1;
	classes = {
	};
	objectVersion = 50;
	objects = {

/* Begin PBXBuildFile section */
		DEDB1C5127B83FBF00DF4887 /* AppDelegate.swift in Sources */ = {isa = PBXBuildFile; fileRef = DEDB1C5027B83FBF00DF4887 /* AppDelegate.swift */; };
		DEDB1C5327B83FBF00DF4887 /* SceneDelegate.swift in Sources */ = {isa = PBXBuildFile; fileRef = DEDB1C5227B83FBF00DF4887 /* SceneDelegate.swift */; };
		DEDB1C5527B83FBF00DF4887 /* ViewController.swift in Sources */ = {isa = PBXBuildFile; fileRef = DEDB1C5427B83FBF00DF4887 /* ViewController.swift */; };
		DEDB1C5827B83FBF00DF4887 /* Main.storyboard in Resources */ = {isa = PBXBuildFile; fileRef = DEDB1C5627B83FBF00DF4887 /* Main.storyboard */; };
		DEDB1C5A27B83FC100DF4887 /* Assets.xcassets in Resources */ = {isa = PBXBuildFile; fileRef = DEDB1C5927B83FC100DF4887 /* Assets.xcassets */; };
		DEDB1C5D27B83FC100DF4887 /* LaunchScreen.storyboard in Resources */ = {isa = PBXBuildFile; fileRef = DEDB1C5B27B83FC100DF4887 /* LaunchScreen.storyboard */; };
		DEDB1C6827B83FC100DF4887 /* PreWorkTests.swift in Sources */ = {isa = PBXBuildFile; fileRef = DEDB1C6727B83FC100DF4887 /* PreWorkTests.swift */; };
		DEDB1C7327B83FC200DF4887 /* PreWorkUITests.swift in Sources */ = {isa = PBXBuildFile; fileRef = DEDB1C7227B83FC200DF4887 /* PreWorkUITests.swift */; };
/* End PBXBuildFile section */

/* Begin PBXContainerItemProxy section */
		DEDB1C6427B83FC100DF4887 /* PBXContainerItemProxy */ = {
			isa = PBXContainerItemProxy;
			containerPortal = DEDB1C4527B83FBF00DF4887 /* Project object */;
			proxyType = 1;
			remoteGlobalIDString = DEDB1C4C27B83FBF00DF4887;
			remoteInfo = PreWork;
		};
		DEDB1C6F27B83FC200DF4887 /* PBXContainerItemProxy */ = {
			isa = PBXContainerItemProxy;
			containerPortal = DEDB1C4527B83FBF00DF4887 /* Project object */;
			proxyType = 1;
			remoteGlobalIDString = DEDB1C4C27B83FBF00DF4887;
			remoteInfo = PreWork;
		};
/* End PBXContainerItemProxy section */

/* Begin PBXFileReference section */
		DEDB1C4D27B83FBF00DF4887 /* PreWork.app */ = {isa = PBXFileReference; explicitFileType = wrapper.application; includeInIndex = 0; path = PreWork.app; sourceTree = BUILT_PRODUCTS_DIR; };
		DEDB1C5027B83FBF00DF4887 /* AppDelegate.swift */ = {isa = PBXFileReference; lastKnownFileType = sourcecode.swift; path = AppDelegate.swift; sourceTree = "<group>"; };
		DEDB1C5227B83FBF00DF4887 /* SceneDelegate.swift */ = {isa = PBXFileReference; lastKnownFileType = sourcecode.swift; path = SceneDelegate.swift; sourceTree = "<group>"; };
		DEDB1C5427B83FBF00DF4887 /* ViewController.swift */ = {isa = PBXFileReference; lastKnownFileType = sourcecode.swift; path = ViewController.swift; sourceTree = "<group>"; };
		DEDB1C5727B83FBF00DF4887 /* Base */ = {isa = PBXFileReference; lastKnownFileType = file.storyboard; name = Base; path = Base.lproj/Main.storyboard; sourceTree = "<group>"; };
		DEDB1C5927B83FC100DF4887 /* Assets.xcassets */ = {isa = PBXFileReference; lastKnownFileType = folder.assetcatalog; path = Assets.xcassets; sourceTree = "<group>"; };
		DEDB1C5C27B83FC100DF4887 /* Base */ = {isa = PBXFileReference; lastKnownFileType = file.storyboard; name = Base; path = Base.lproj/LaunchScreen.storyboard; sourceTree = "<group>"; };
		DEDB1C5E27B83FC100DF4887 /* Info.plist */ = {isa = PBXFileReference; lastKnownFileType = text.plist.xml; path = Info.plist; sourceTree = "<group>"; };
		DEDB1C6327B83FC100DF4887 /* PreWorkTests.xctest */ = {isa = PBXFileReference; explicitFileType = wrapper.cfbundle; includeInIndex = 0; path = PreWorkTests.xctest; sourceTree = BUILT_PRODUCTS_DIR; };
		DEDB1C6727B83FC100DF4887 /* PreWorkTests.swift */ = {isa = PBXFileReference; lastKnownFileType = sourcecode.swift; path = PreWorkTests.swift; sourceTree = "<group>"; };
		DEDB1C6927B83FC100DF4887 /* Info.plist */ = {isa = PBXFileReference; lastKnownFileType = text.plist.xml; path = Info.plist; sourceTree = "<group>"; };
		DEDB1C6E27B83FC200DF4887 /* PreWorkUITests.xctest */ = {isa = PBXFileReference; explicitFileType = wrapper.cfbundle; includeInIndex = 0; path = PreWorkUITests.xctest; sourceTree = BUILT_PRODUCTS_DIR; };
		DEDB1C7227B83FC200DF4887 /* PreWorkUITests.swift */ = {isa = PBXFileReference; lastKnownFileType = sourcecode.swift; path = PreWorkUITests.swift; sourceTree = "<group>"; };
		DEDB1C7427B83FC200DF4887 /* Info.plist */ = {isa = PBXFileReference; lastKnownFileType = text.plist.xml; path = Info.plist; sourceTree = "<group>"; };
/* End PBXFileReference section */

/* Begin PBXFrameworksBuildPhase section */
		DEDB1C4A27B83FBF00DF4887 /* Frameworks */ = {
			isa = PBXFrameworksBuildPhase;
			buildActionMask = 2147483647;
			files = (
			);
			runOnlyForDeploymentPostprocessing = 0;
		};
		DEDB1C6027B83FC100DF4887 /* Frameworks */ = {
			isa = PBXFrameworksBuildPhase;
			buildActionMask = 2147483647;
			files = (
			);
			runOnlyForDeploymentPostprocessing = 0;
		};
		DEDB1C6B27B83FC200DF4887 /* Frameworks */ = {
			isa = PBXFrameworksBuildPhase;
			buildActionMask = 2147483647;
			files = (
			);
			runOnlyForDeploymentPostprocessing = 0;
		};
/* End PBXFrameworksBuildPhase section */

/* Begin PBXGroup section */
		DEDB1C4427B83FBF00DF4887 = {
			isa = PBXGroup;
			children = (
				DEDB1C4F27B83FBF00DF4887 /* PreWork */,
				DEDB1C6627B83FC100DF4887 /* PreWorkTests */,
				DEDB1C7127B83FC200DF4887 /* PreWorkUITests */,
				DEDB1C4E27B83FBF00DF4887 /* Products */,
			);
			sourceTree = "<group>";
		};
		DEDB1C4E27B83FBF00DF4887 /* Products */ = {
			isa = PBXGroup;
			children = (
				DEDB1C4D27B83FBF00DF4887 /* PreWork.app */,
				DEDB1C6327B83FC100DF4887 /* PreWorkTests.xctest */,
				DEDB1C6E27B83FC200DF4887 /* PreWorkUITests.xctest */,
			);
			name = Products;
			sourceTree = "<group>";
		};
		DEDB1C4F27B83FBF00DF4887 /* PreWork */ = {
			isa = PBXGroup;
			children = (
				DEDB1C5027B83FBF00DF4887 /* AppDelegate.swift */,
				DEDB1C5227B83FBF00DF4887 /* SceneDelegate.swift */,
				DEDB1C5427B83FBF00DF4887 /* ViewController.swift */,
				DEDB1C5627B83FBF00DF4887 /* Main.storyboard */,
				DEDB1C5927B83FC100DF4887 /* Assets.xcassets */,
				DEDB1C5B27B83FC100DF4887 /* LaunchScreen.storyboard */,
				DEDB1C5E27B83FC100DF4887 /* Info.plist */,
			);
			path = PreWork;
			sourceTree = "<group>";
		};
		DEDB1C6627B83FC100DF4887 /* PreWorkTests */ = {
			isa = PBXGroup;
			children = (
				DEDB1C6727B83FC100DF4887 /* PreWorkTests.swift */,
				DEDB1C6927B83FC100DF4887 /* Info.plist */,
			);
			path = PreWorkTests;
			sourceTree = "<group>";
		};
		DEDB1C7127B83FC200DF4887 /* PreWorkUITests */ = {
			isa = PBXGroup;
			children = (
				DEDB1C7227B83FC200DF4887 /* PreWorkUITests.swift */,
				DEDB1C7427B83FC200DF4887 /* Info.plist */,
			);
			path = PreWorkUITests;
			sourceTree = "<group>";
		};
/* End PBXGroup section */

/* Begin PBXNativeTarget section */
		DEDB1C4C27B83FBF00DF4887 /* PreWork */ = {
			isa = PBXNativeTarget;
			buildConfigurationList = DEDB1C7727B83FC200DF4887 /* Build configuration list for PBXNativeTarget "PreWork" */;
			buildPhases = (
				DEDB1C4927B83FBF00DF4887 /* Sources */,
				DEDB1C4A27B83FBF00DF4887 /* Frameworks */,
				DEDB1C4B27B83FBF00DF4887 /* Resources */,
			);
			buildRules = (
			);
			dependencies = (
			);
			name = PreWork;
			productName = PreWork;
			productReference = DEDB1C4D27B83FBF00DF4887 /* PreWork.app */;
			productType = "com.apple.product-type.application";
		};
		DEDB1C6227B83FC100DF4887 /* PreWorkTests */ = {
			isa = PBXNativeTarget;
			buildConfigurationList = DEDB1C7A27B83FC200DF4887 /* Build configuration list for PBXNativeTarget "PreWorkTests" */;
			buildPhases = (
				DEDB1C5F27B83FC100DF4887 /* Sources */,
				DEDB1C6027B83FC100DF4887 /* Frameworks */,
				DEDB1C6127B83FC100DF4887 /* Resources */,
			);
			buildRules = (
			);
			dependencies = (
				DEDB1C6527B83FC100DF4887 /* PBXTargetDependency */,
			);
			name = PreWorkTests;
			productName = PreWorkTests;
			productReference = DEDB1C6327B83FC100DF4887 /* PreWorkTests.xctest */;
			productType = "com.apple.product-type.bundle.unit-test";
		};
		DEDB1C6D27B83FC200DF4887 /* PreWorkUITests */ = {
			isa = PBXNativeTarget;
			buildConfigurationList = DEDB1C7D27B83FC200DF4887 /* Build configuration list for PBXNativeTarget "PreWorkUITests" */;
			buildPhases = (
				DEDB1C6A27B83FC200DF4887 /* Sources */,
				DEDB1C6B27B83FC200DF4887 /* Frameworks */,
				DEDB1C6C27B83FC200DF4887 /* Resources */,
			);
			buildRules = (
			);
			dependencies = (
				DEDB1C7027B83FC200DF4887 /* PBXTargetDependency */,
			);
			name = PreWorkUITests;
			productName = PreWorkUITests;
			productReference = DEDB1C6E27B83FC200DF4887 /* PreWorkUITests.xctest */;
			productType = "com.apple.product-type.bundle.ui-testing";
		};
/* End PBXNativeTarget section */

/* Begin PBXProject section */
		DEDB1C4527B83FBF00DF4887 /* Project object */ = {
			isa = PBXProject;
			attributes = {
				LastSwiftUpdateCheck = 1250;
				LastUpgradeCheck = 1250;
				TargetAttributes = {
					DEDB1C4C27B83FBF00DF4887 = {
						CreatedOnToolsVersion = 12.5.1;
					};
					DEDB1C6227B83FC100DF4887 = {
						CreatedOnToolsVersion = 12.5.1;
						TestTargetID = DEDB1C4C27B83FBF00DF4887;
					};
					DEDB1C6D27B83FC200DF4887 = {
						CreatedOnToolsVersion = 12.5.1;
						TestTargetID = DEDB1C4C27B83FBF00DF4887;
					};
				};
			};
			buildConfigurationList = DEDB1C4827B83FBF00DF4887 /* Build configuration list for PBXProject "PreWork" */;
			compatibilityVersion = "Xcode 9.3";
			developmentRegion = en;
			hasScannedForEncodings = 0;
			knownRegions = (
				en,
				Base,
			);
			mainGroup = DEDB1C4427B83FBF00DF4887;
			productRefGroup = DEDB1C4E27B83FBF00DF4887 /* Products */;
			projectDirPath = "";
			projectRoot = "";
			targets = (
				DEDB1C4C27B83FBF00DF4887 /* PreWork */,
				DEDB1C6227B83FC100DF4887 /* PreWorkTests */,
				DEDB1C6D27B83FC200DF4887 /* PreWorkUITests */,
			);
		};
/* End PBXProject section */

/* Begin PBXResourcesBuildPhase section */
		DEDB1C4B27B83FBF00DF4887 /* Resources */ = {
			isa = PBXResourcesBuildPhase;
			buildActionMask = 2147483647;
			files = (
				DEDB1C5D27B83FC100DF4887 /* LaunchScreen.storyboard in Resources */,
				DEDB1C5A27B83FC100DF4887 /* Assets.xcassets in Resources */,
				DEDB1C5827B83FBF00DF4887 /* Main.storyboard in Resources */,
			);
			runOnlyForDeploymentPostprocessing = 0;
		};
		DEDB1C6127B83FC100DF4887 /* Resources */ = {
			isa = PBXResourcesBuildPhase;
			buildActionMask = 2147483647;
			files = (
			);
			runOnlyForDeploymentPostprocessing = 0;
		};
		DEDB1C6C27B83FC200DF4887 /* Resources */ = {
			isa = PBXResourcesBuildPhase;
			buildActionMask = 2147483647;
			files = (
			);
			runOnlyForDeploymentPostprocessing = 0;
		};
/* End PBXResourcesBuildPhase section */

/* Begin PBXSourcesBuildPhase section */
		DEDB1C4927B83FBF00DF4887 /* Sources */ = {
			isa = PBXSourcesBuildPhase;
			buildActionMask = 2147483647;
			files = (
				DEDB1C5527B83FBF00DF4887 /* ViewController.swift in Sources */,
				DEDB1C5127B83FBF00DF4887 /* AppDelegate.swift in Sources */,
				DEDB1C5327B83FBF00DF4887 /* SceneDelegate.swift in Sources */,
			);
			runOnlyForDeploymentPostprocessing = 0;
		};
		DEDB1C5F27B83FC100DF4887 /* Sources */ = {
			isa = PBXSourcesBuildPhase;
			buildActionMask = 2147483647;
			files = (
				DEDB1C6827B83FC100DF4887 /* PreWorkTests.swift in Sources */,
			);
			runOnlyForDeploymentPostprocessing = 0;
		};
		DEDB1C6A27B83FC200DF4887 /* Sources */ = {
			isa = PBXSourcesBuildPhase;
			buildActionMask = 2147483647;
			files = (
				DEDB1C7327B83FC200DF4887 /* PreWorkUITests.swift in Sources */,
			);
			runOnlyForDeploymentPostprocessing = 0;
		};
/* End PBXSourcesBuildPhase section */

/* Begin PBXTargetDependency section */
		DEDB1C6527B83FC100DF4887 /* PBXTargetDependency */ = {
			isa = PBXTargetDependency;
			target = DEDB1C4C27B83FBF00DF4887 /* PreWork */;
			targetProxy = DEDB1C6427B83FC100DF4887 /* PBXContainerItemProxy */;
		};
		DEDB1C7027B83FC200DF4887 /* PBXTargetDependency */ = {
			isa = PBXTargetDependency;
			target = DEDB1C4C27B83FBF00DF4887 /* PreWork */;
			targetProxy = DEDB1C6F27B83FC200DF4887 /* PBXContainerItemProxy */;
		};
/* End PBXTargetDependency section */

/* Begin PBXVariantGroup section */
		DEDB1C5627B83FBF00DF4887 /* Main.storyboard */ = {
			isa = PBXVariantGroup;
			children = (
				DEDB1C5727B83FBF00DF4887 /* Base */,
			);
			name = Main.storyboard;
			sourceTree = "<group>";
		};
		DEDB1C5B27B83FC100DF4887 /* LaunchScreen.storyboard */ = {
			isa = PBXVariantGroup;
			children = (
				DEDB1C5C27B83FC100DF4887 /* Base */,
			);
			name = LaunchScreen.storyboard;
			sourceTree = "<group>";
		};
/* End PBXVariantGroup section */

/* Begin XCBuildConfiguration section */
		DEDB1C7527B83FC200DF4887 /* Debug */ = {
			isa = XCBuildConfiguration;
			buildSettings = {
				ALWAYS_SEARCH_USER_PATHS = NO;
				CLANG_ANALYZER_NONNULL = YES;
				CLANG_ANALYZER_NUMBER_OBJECT_CONVERSION = YES_AGGRESSIVE;
				CLANG_CXX_LANGUAGE_STANDARD = "gnu++14";
				CLANG_CXX_LIBRARY = "libc++";
				CLANG_ENABLE_MODULES = YES;
				CLANG_ENABLE_OBJC_ARC = YES;
				CLANG_ENABLE_OBJC_WEAK = YES;
				CLANG_WARN_BLOCK_CAPTURE_AUTORELEASING = YES;
				CLANG_WARN_BOOL_CONVERSION = YES;
				CLANG_WARN_COMMA = YES;
				CLANG_WARN_CONSTANT_CONVERSION = YES;
				CLANG_WARN_DEPRECATED_OBJC_IMPLEMENTATIONS = YES;
				CLANG_WARN_DIRECT_OBJC_ISA_USAGE = YES_ERROR;
				CLANG_WARN_DOCUMENTATION_COMMENTS = YES;
				CLANG_WARN_EMPTY_BODY = YES;
				CLANG_WARN_ENUM_CONVERSION = YES;
				CLANG_WARN_INFINITE_RECURSION = YES;
				CLANG_WARN_INT_CONVERSION = YES;
				CLANG_WARN_NON_LITERAL_NULL_CONVERSION = YES;
				CLANG_WARN_OBJC_IMPLICIT_RETAIN_SELF = YES;
				CLANG_WARN_OBJC_LITERAL_CONVERSION = YES;
				CLANG_WARN_OBJC_ROOT_CLASS = YES_ERROR;
				CLANG_WARN_QUOTED_INCLUDE_IN_FRAMEWORK_HEADER = YES;
				CLANG_WARN_RANGE_LOOP_ANALYSIS = YES;
				CLANG_WARN_STRICT_PROTOTYPES = YES;
				CLANG_WARN_SUSPICIOUS_MOVE = YES;
				CLANG_WARN_UNGUARDED_AVAILABILITY = YES_AGGRESSIVE;
				CLANG_WARN_UNREACHABLE_CODE = YES;
				CLANG_WARN__DUPLICATE_METHOD_MATCH = YES;
				COPY_PHASE_STRIP = NO;
				DEBUG_INFORMATION_FORMAT = dwarf;
				ENABLE_STRICT_OBJC_MSGSEND = YES;
				ENABLE_TESTABILITY = YES;
				GCC_C_LANGUAGE_STANDARD = gnu11;
				GCC_DYNAMIC_NO_PIC = NO;
				GCC_NO_COMMON_BLOCKS = YES;
				GCC_OPTIMIZATION_LEVEL = 0;
				GCC_PREPROCESSOR_DEFINITIONS = (
					"DEBUG=1",
					"$(inherited)",
				);
				GCC_WARN_64_TO_32_BIT_CONVERSION = YES;
				GCC_WARN_ABOUT_RETURN_TYPE = YES_ERROR;
				GCC_WARN_UNDECLARED_SELECTOR = YES;
				GCC_WARN_UNINITIALIZED_AUTOS = YES_AGGRESSIVE;
				GCC_WARN_UNUSED_FUNCTION = YES;
				GCC_WARN_UNUSED_VARIABLE = YES;
				IPHONEOS_DEPLOYMENT_TARGET = 14.5;
				MTL_ENABLE_DEBUG_INFO = INCLUDE_SOURCE;
				MTL_FAST_MATH = YES;
				ONLY_ACTIVE_ARCH = YES;
				SDKROOT = iphoneos;
				SWIFT_ACTIVE_COMPILATION_CONDITIONS = DEBUG;
				SWIFT_OPTIMIZATION_LEVEL = "-Onone";
			};
			name = Debug;
		};
		DEDB1C7627B83FC200DF4887 /* Release */ = {
			isa = XCBuildConfiguration;
			buildSettings = {
				ALWAYS_SEARCH_USER_PATHS = NO;
				CLANG_ANALYZER_NONNULL = YES;
				CLANG_ANALYZER_NUMBER_OBJECT_CONVERSION = YES_AGGRESSIVE;
				CLANG_CXX_LANGUAGE_STANDARD = "gnu++14";
				CLANG_CXX_LIBRARY = "libc++";
				CLANG_ENABLE_MODULES = YES;
				CLANG_ENABLE_OBJC_ARC = YES;
				CLANG_ENABLE_OBJC_WEAK = YES;
				CLANG_WARN_BLOCK_CAPTURE_AUTORELEASING = YES;
				CLANG_WARN_BOOL_CONVERSION = YES;
				CLANG_WARN_COMMA = YES;
				CLANG_WARN_CONSTANT_CONVERSION = YES;
				CLANG_WARN_DEPRECATED_OBJC_IMPLEMENTATIONS = YES;
				CLANG_WARN_DIRECT_OBJC_ISA_USAGE = YES_ERROR;
				CLANG_WARN_DOCUMENTATION_COMMENTS = YES;
				CLANG_WARN_EMPTY_BODY = YES;
				CLANG_WARN_ENUM_CONVERSION = YES;
				CLANG_WARN_INFINITE_RECURSION = YES;
				CLANG_WARN_INT_CONVERSION = YES;
				CLANG_WARN_NON_LITERAL_NULL_CONVERSION = YES;
				CLANG_WARN_OBJC_IMPLICIT_RETAIN_SELF = YES;
				CLANG_WARN_OBJC_LITERAL_CONVERSION = YES;
				CLANG_WARN_OBJC_ROOT_CLASS = YES_ERROR;
				CLANG_WARN_QUOTED_INCLUDE_IN_FRAMEWORK_HEADER = YES;
				CLANG_WARN_RANGE_LOOP_ANALYSIS = YES;
				CLANG_WARN_STRICT_PROTOTYPES = YES;
				CLANG_WARN_SUSPICIOUS_MOVE = YES;
				CLANG_WARN_UNGUARDED_AVAILABILITY = YES_AGGRESSIVE;
				CLANG_WARN_UNREACHABLE_CODE = YES;
				CLANG_WARN__DUPLICATE_METHOD_MATCH = YES;
				COPY_PHASE_STRIP = NO;
				DEBUG_INFORMATION_FORMAT = "dwarf-with-dsym";
				ENABLE_NS_ASSERTIONS = NO;
				ENABLE_STRICT_OBJC_MSGSEND = YES;
				GCC_C_LANGUAGE_STANDARD = gnu11;
				GCC_NO_COMMON_BLOCKS = YES;
				GCC_WARN_64_TO_32_BIT_CONVERSION = YES;
				GCC_WARN_ABOUT_RETURN_TYPE = YES_ERROR;
				GCC_WARN_UNDECLARED_SELECTOR = YES;
				GCC_WARN_UNINITIALIZED_AUTOS = YES_AGGRESSIVE;
				GCC_WARN_UNUSED_FUNCTION = YES;
				GCC_WARN_UNUSED_VARIABLE = YES;
				IPHONEOS_DEPLOYMENT_TARGET = 14.5;
				MTL_ENABLE_DEBUG_INFO = NO;
				MTL_FAST_MATH = YES;
				SDKROOT = iphoneos;
				SWIFT_COMPILATION_MODE = wholemodule;
				SWIFT_OPTIMIZATION_LEVEL = "-O";
				VALIDATE_PRODUCT = YES;
			};
			name = Release;
		};
		DEDB1C7827B83FC200DF4887 /* Debug */ = {
			isa = XCBuildConfiguration;
			buildSettings = {
				ASSETCATALOG_COMPILER_APPICON_NAME = AppIcon;
				ASSETCATALOG_COMPILER_GLOBAL_ACCENT_COLOR_NAME = AccentColor;
				CODE_SIGN_STYLE = Automatic;
				INFOPLIST_FILE = PreWork/Info.plist;
				LD_RUNPATH_SEARCH_PATHS = (
					"$(inherited)",
					"@executable_path/Frameworks",
				);
				PRODUCT_BUNDLE_IDENTIFIER = Nahom.PreWork;
				PRODUCT_NAME = "$(TARGET_NAME)";
				SWIFT_VERSION = 5.0;
				TARGETED_DEVICE_FAMILY = "1,2";
			};
			name = Debug;
		};
		DEDB1C7927B83FC200DF4887 /* Release */ = {
			isa = XCBuildConfiguration;
			buildSettings = {
				ASSETCATALOG_COMPILER_APPICON_NAME = AppIcon;
				ASSETCATALOG_COMPILER_GLOBAL_ACCENT_COLOR_NAME = AccentColor;
				CODE_SIGN_STYLE = Automatic;
				INFOPLIST_FILE = PreWork/Info.plist;
				LD_RUNPATH_SEARCH_PATHS = (
					"$(inherited)",
					"@executable_path/Frameworks",
				);
				PRODUCT_BUNDLE_IDENTIFIER = Nahom.PreWork;
				PRODUCT_NAME = "$(TARGET_NAME)";
				SWIFT_VERSION = 5.0;
				TARGETED_DEVICE_FAMILY = "1,2";
			};
			name = Release;
		};
		DEDB1C7B27B83FC200DF4887 /* Debug */ = {
			isa = XCBuildConfiguration;
			buildSettings = {
				ALWAYS_EMBED_SWIFT_STANDARD_LIBRARIES = YES;
				BUNDLE_LOADER = "$(TEST_HOST)";
				CODE_SIGN_STYLE = Automatic;
				INFOPLIST_FILE = PreWorkTests/Info.plist;
				IPHONEOS_DEPLOYMENT_TARGET = 14.5;
				LD_RUNPATH_SEARCH_PATHS = (
					"$(inherited)",
					"@executable_path/Frameworks",
					"@loader_path/Frameworks",
				);
				PRODUCT_BUNDLE_IDENTIFIER = Nahom.PreWorkTests;
				PRODUCT_NAME = "$(TARGET_NAME)";
				SWIFT_VERSION = 5.0;
				TARGETED_DEVICE_FAMILY = "1,2";
				TEST_HOST = "$(BUILT_PRODUCTS_DIR)/PreWork.app/PreWork";
			};
			name = Debug;
		};
		DEDB1C7C27B83FC200DF4887 /* Release */ = {
			isa = XCBuildConfiguration;
			buildSettings = {
				ALWAYS_EMBED_SWIFT_STANDARD_LIBRARIES = YES;
				BUNDLE_LOADER = "$(TEST_HOST)";
				CODE_SIGN_STYLE = Automatic;
				INFOPLIST_FILE = PreWorkTests/Info.plist;
				IPHONEOS_DEPLOYMENT_TARGET = 14.5;
				LD_RUNPATH_SEARCH_PATHS = (
					"$(inherited)",
					"@executable_path/Frameworks",
					"@loader_path/Frameworks",
				);
				PRODUCT_BUNDLE_IDENTIFIER = Nahom.PreWorkTests;
				PRODUCT_NAME = "$(TARGET_NAME)";
				SWIFT_VERSION = 5.0;
				TARGETED_DEVICE_FAMILY = "1,2";
				TEST_HOST = "$(BUILT_PRODUCTS_DIR)/PreWork.app/PreWork";
			};
			name = Release;
		};
		DEDB1C7E27B83FC200DF4887 /* Debug */ = {
			isa = XCBuildConfiguration;
			buildSettings = {
				ALWAYS_EMBED_SWIFT_STANDARD_LIBRARIES = YES;
				CODE_SIGN_STYLE = Automatic;
				INFOPLIST_FILE = PreWorkUITests/Info.plist;
				LD_RUNPATH_SEARCH_PATHS = (
					"$(inherited)",
					"@executable_path/Frameworks",
					"@loader_path/Frameworks",
				);
				PRODUCT_BUNDLE_IDENTIFIER = Nahom.PreWorkUITests;
				PRODUCT_NAME = "$(TARGET_NAME)";
				SWIFT_VERSION = 5.0;
				TARGETED_DEVICE_FAMILY = "1,2";
				TEST_TARGET_NAME = PreWork;
			};
			name = Debug;
		};
		DEDB1C7F27B83FC200DF4887 /* Release */ = {
			isa = XCBuildConfiguration;
			buildSettings = {
				ALWAYS_EMBED_SWIFT_STANDARD_LIBRARIES = YES;
				CODE_SIGN_STYLE = Automatic;
				INFOPLIST_FILE = PreWorkUITests/Info.plist;
				LD_RUNPATH_SEARCH_PATHS = (
					"$(inherited)",
					"@executable_path/Frameworks",
					"@loader_path/Frameworks",
				);
				PRODUCT_BUNDLE_IDENTIFIER = Nahom.PreWorkUITests;
				PRODUCT_NAME = "$(TARGET_NAME)";
				SWIFT_VERSION = 5.0;
				TARGETED_DEVICE_FAMILY = "1,2";
				TEST_TARGET_NAME = PreWork;
			};
			name = Release;
		};
/* End XCBuildConfiguration section */

/* Begin XCConfigurationList section */
		DEDB1C4827B83FBF00DF4887 /* Build configuration list for PBXProject "PreWork" */ = {
			isa = XCConfigurationList;
			buildConfigurations = (
				DEDB1C7527B83FC200DF4887 /* Debug */,
				DEDB1C7627B83FC200DF4887 /* Release */,
			);
			defaultConfigurationIsVisible = 0;
			defaultConfigurationName = Release;
		};
		DEDB1C7727B83FC200DF4887 /* Build configuration list for PBXNativeTarget "PreWork" */ = {
			isa = XCConfigurationList;
			buildConfigurations = (
				DEDB1C7827B83FC200DF4887 /* Debug */,
				DEDB1C7927B83FC200DF4887 /* Release */,
			);
			defaultConfigurationIsVisible = 0;
			defaultConfigurationName = Release;
		};
		DEDB1C7A27B83FC200DF4887 /* Build configuration list for PBXNativeTarget "PreWorkTests" */ = {
			isa = XCConfigurationList;
			buildConfigurations = (
				DEDB1C7B27B83FC200DF4887 /* Debug */,
				DEDB1C7C27B83FC200DF4887 /* Release */,
			);
			defaultConfigurationIsVisible = 0;
			defaultConfigurationName = Release;
		};
		DEDB1C7D27B83FC200DF4887 /* Build configuration list for PBXNativeTarget "PreWorkUITests" */ = {
			isa = XCConfigurationList;
			buildConfigurations = (
				DEDB1C7E27B83FC200DF4887 /* Debug */,
				DEDB1C7F27B83FC200DF4887 /* Release */,
			);
			defaultConfigurationIsVisible = 0;
			defaultConfigurationName = Release;
		};
/* End XCConfigurationList section */
	};
	rootObject = DEDB1C4527B83FBF00DF4887 /* Project object */;
}
